
Microsoft Visual Studio Solution File, Format Version 12.00
# Visual Studio Version 17
VisualStudioVersion = 17.0.31903.59
MinimumVisualStudioVersion = 10.0.40219.1
Project("{FAE04EC0-301F-11D3-BF4B-00C04F79EFBC}") = "App.Domain", "App.Domain\App.Domain.csproj", "{53497F5F-D2F6-425D-9580-4596700974DD}"
EndProject
Project("{FAE04EC0-301F-11D3-BF4B-00C04F79EFBC}") = "App.Application", "App.Application\App.Application.csproj", "{B3180AA1-C2AA-493A-8E11-3CDAEF04047C}"
EndProject
Project("{FAE04EC0-301F-11D3-BF4B-00C04F79EFBC}") = "App.Infrastructure", "App.Infrastructure\App.Infrastructure.csproj", "{8FD312DD-18AD-444D-B6FF-EFDC61EE68AE}"
EndProject
Project("{FAE04EC0-301F-11D3-BF4B-00C04F79EFBC}") = "App.Api", "App.Api\App.Api.csproj", "{77D28C9E-D14F-4361-8A41-E8F02748639F}"
EndProject
Global
	GlobalSection(SolutionConfigurationPlatforms) = preSolution
		Debug|Any CPU = Debug|Any CPU
		Debug|x64 = Debug|x64
		Debug|x86 = Debug|x86
		Release|Any CPU = Release|Any CPU
		Release|x64 = Release|x64
		Release|x86 = Release|x86
	EndGlobalSection
	GlobalSection(ProjectConfigurationPlatforms) = postSolution
		{53497F5F-D2F6-425D-9580-4596700974DD}.Debug|Any CPU.ActiveCfg = Debug|Any CPU
		{53497F5F-D2F6-425D-9580-4596700974DD}.Debug|Any CPU.Build.0 = Debug|Any CPU
		{53497F5F-D2F6-425D-9580-4596700974DD}.Debug|x64.ActiveCfg = Debug|Any CPU
		{53497F5F-D2F6-425D-9580-4596700974DD}.Debug|x64.Build.0 = Debug|Any CPU
		{53497F5F-D2F6-425D-9580-4596700974DD}.Debug|x86.ActiveCfg = Debug|Any CPU
		{53497F5F-D2F6-425D-9580-4596700974DD}.Debug|x86.Build.0 = Debug|Any CPU
		{53497F5F-D2F6-425D-9580-4596700974DD}.Release|Any CPU.ActiveCfg = Release|Any CPU
		{53497F5F-D2F6-425D-9580-4596700974DD}.Release|Any CPU.Build.0 = Release|Any CPU
		{53497F5F-D2F6-425D-9580-4596700974DD}.Release|x64.ActiveCfg = Release|Any CPU
		{53497F5F-D2F6-425D-9580-4596700974DD}.Release|x64.Build.0 = Release|Any CPU
		{53497F5F-D2F6-425D-9580-4596700974DD}.Release|x86.ActiveCfg = Release|Any CPU
		{53497F5F-D2F6-425D-9580-4596700974DD}.Release|x86.Build.0 = Release|Any CPU
		{B3180AA1-C2AA-493A-8E11-3CDAEF04047C}.Debug|Any CPU.ActiveCfg = Debug|Any CPU
		{B3180AA1-C2AA-493A-8E11-3CDAEF04047C}.Debug|Any CPU.Build.0 = Debug|Any CPU
		{B3180AA1-C2AA-493A-8E11-3CDAEF04047C}.Debug|x64.ActiveCfg = Debug|Any CPU
		{B3180AA1-C2AA-493A-8E11-3CDAEF04047C}.Debug|x64.Build.0 = Debug|Any CPU
		{B3180AA1-C2AA-493A-8E11-3CDAEF04047C}.Debug|x86.ActiveCfg = Debug|Any CPU
		{B3180AA1-C2AA-493A-8E11-3CDAEF04047C}.Debug|x86.Build.0 = Debug|Any CPU
		{B3180AA1-C2AA-493A-8E11-3CDAEF04047C}.Release|Any CPU.ActiveCfg = Release|Any CPU
		{B3180AA1-C2AA-493A-8E11-3CDAEF04047C}.Release|Any CPU.Build.0 = Release|Any CPU
		{B3180AA1-C2AA-493A-8E11-3CDAEF04047C}.Release|x64.ActiveCfg = Release|Any CPU
		{B3180AA1-C2AA-493A-8E11-3CDAEF04047C}.Release|x64.Build.0 = Release|Any CPU
		{B3180AA1-C2AA-493A-8E11-3CDAEF04047C}.Release|x86.ActiveCfg = Release|Any CPU
		{B3180AA1-C2AA-493A-8E11-3CDAEF04047C}.Release|x86.Build.0 = Release|Any CPU
		{8FD312DD-18AD-444D-B6FF-EFDC61EE68AE}.Debug|Any CPU.ActiveCfg = Debug|Any CPU
		{8FD312DD-18AD-444D-B6FF-EFDC61EE68AE}.Debug|Any CPU.Build.0 = Debug|Any CPU
		{8FD312DD-18AD-444D-B6FF-EFDC61EE68AE}.Debug|x64.ActiveCfg = Debug|Any CPU
		{8FD312DD-18AD-444D-B6FF-EFDC61EE68AE}.Debug|x64.Build.0 = Debug|Any CPU
		{8FD312DD-18AD-444D-B6FF-EFDC61EE68AE}.Debug|x86.ActiveCfg = Debug|Any CPU
		{8FD312DD-18AD-444D-B6FF-EFDC61EE68AE}.Debug|x86.Build.0 = Debug|Any CPU
		{8FD312DD-18AD-444D-B6FF-EFDC61EE68AE}.Release|Any CPU.ActiveCfg = Release|Any CPU
		{8FD312DD-18AD-444D-B6FF-EFDC61EE68AE}.Release|Any CPU.Build.0 = Release|Any CPU
		{8FD312DD-18AD-444D-B6FF-EFDC61EE68AE}.Release|x64.ActiveCfg = Release|Any CPU
		{8FD312DD-18AD-444D-B6FF-EFDC61EE68AE}.Release|x64.Build.0 = Release|Any CPU
		{8FD312DD-18AD-444D-B6FF-EFDC61EE68AE}.Release|x86.ActiveCfg = Release|Any CPU
		{8FD312DD-18AD-444D-B6FF-EFDC61EE68AE}.Release|x86.Build.0 = Release|Any CPU
		{77D28C9E-D14F-4361-8A41-E8F02748639F}.Debug|Any CPU.ActiveCfg = Debug|Any CPU
		{77D28C9E-D14F-4361-8A41-E8F02748639F}.Debug|Any CPU.Build.0 = Debug|Any CPU
		{77D28C9E-D14F-4361-8A41-E8F02748639F}.Debug|x64.ActiveCfg = Debug|Any CPU
		{77D28C9E-D14F-4361-8A41-E8F02748639F}.Debug|x64.Build.0 = Debug|Any CPU
		{77D28C9E-D14F-4361-8A41-E8F02748639F}.Debug|x86.ActiveCfg = Debug|Any CPU
		{77D28C9E-D14F-4361-8A41-E8F02748639F}.Debug|x86.Build.0 = Debug|Any CPU
		{77D28C9E-D14F-4361-8A41-E8F02748639F}.Release|Any CPU.ActiveCfg = Release|Any CPU
		{77D28C9E-D14F-4361-8A41-E8F02748639F}.Release|Any CPU.Build.0 = Release|Any CPU
		{77D28C9E-D14F-4361-8A41-E8F02748639F}.Release|x64.ActiveCfg = Release|Any CPU
		{77D28C9E-D14F-4361-8A41-E8F02748639F}.Release|x64.Build.0 = Release|Any CPU
		{77D28C9E-D14F-4361-8A41-E8F02748639F}.Release|x86.ActiveCfg = Release|Any CPU
		{77D28C9E-D14F-4361-8A41-E8F02748639F}.Release|x86.Build.0 = Release|Any CPU
	EndGlobalSection
	GlobalSection(SolutionProperties) = preSolution
		HideSolutionNode = FALSE
	EndGlobalSection
EndGlobal
